
Microsoft Visual Studio Solution File, Format Version 12.00
# Visual Studio Version 16
VisualStudioVersion = 16.0.31624.102
MinimumVisualStudioVersion = 10.0.40219.1
Project("{FAE04EC0-301F-11D3-BF4B-00C04F79EFBC}") = "TP2SebastianBarthe", "TP2SebastianBarthe\TP2SebastianBarthe.csproj", "{168269F1-0C3E-46BE-BFF6-25693D23A3B2}"
EndProject
Project("{FAE04EC0-301F-11D3-BF4B-00C04F79EFBC}") = "producto", "proyecto\producto.csproj", "{6E6B6605-333A-4115-886F-D7C19CD11744}"
EndProject
Project("{FAE04EC0-301F-11D3-BF4B-00C04F79EFBC}") = "negocios", "negocios\negocios.csproj", "{7BB5F7ED-F700-465C-A774-B57EABA3CA6A}"
EndProject
Global
	GlobalSection(SolutionConfigurationPlatforms) = preSolution
		Debug|Any CPU = Debug|Any CPU
		Release|Any CPU = Release|Any CPU
	EndGlobalSection
	GlobalSection(ProjectConfigurationPlatforms) = postSolution
		{168269F1-0C3E-46BE-BFF6-25693D23A3B2}.Debug|Any CPU.ActiveCfg = Debug|Any CPU
		{168269F1-0C3E-46BE-BFF6-25693D23A3B2}.Debug|Any CPU.Build.0 = Debug|Any CPU
		{168269F1-0C3E-46BE-BFF6-25693D23A3B2}.Release|Any CPU.ActiveCfg = Release|Any CPU
		{168269F1-0C3E-46BE-BFF6-25693D23A3B2}.Release|Any CPU.Build.0 = Release|Any CPU
		{6E6B6605-333A-4115-886F-D7C19CD11744}.Debug|Any CPU.ActiveCfg = Debug|Any CPU
		{6E6B6605-333A-4115-886F-D7C19CD11744}.Debug|Any CPU.Build.0 = Debug|Any CPU
		{6E6B6605-333A-4115-886F-D7C19CD11744}.Release|Any CPU.ActiveCfg = Release|Any CPU
		{6E6B6605-333A-4115-886F-D7C19CD11744}.Release|Any CPU.Build.0 = Release|Any CPU
		{7BB5F7ED-F700-465C-A774-B57EABA3CA6A}.Debug|Any CPU.ActiveCfg = Debug|Any CPU
		{7BB5F7ED-F700-465C-A774-B57EABA3CA6A}.Debug|Any CPU.Build.0 = Debug|Any CPU
		{7BB5F7ED-F700-465C-A774-B57EABA3CA6A}.Release|Any CPU.ActiveCfg = Release|Any CPU
		{7BB5F7ED-F700-465C-A774-B57EABA3CA6A}.Release|Any CPU.Build.0 = Release|Any CPU
	EndGlobalSection
	GlobalSection(SolutionProperties) = preSolution
		HideSolutionNode = FALSE
	EndGlobalSection
	GlobalSection(ExtensibilityGlobals) = postSolution
		SolutionGuid = {C57C815D-A60A-4BCA-843F-0C6311DA771E}
	EndGlobalSection
EndGlobal
